
Microsoft Visual Studio Solution File, Format Version 12.00
# Visual Studio 15
VisualStudioVersion = 15.0.28307.572
MinimumVisualStudioVersion = 10.0.40219.1
Project("{FAE04EC0-301F-11D3-BF4B-00C04F79EFBC}") = "TemplatedResourceView.Android", "TemplatedResourceView\TemplatedResourceView.Android\TemplatedResourceView.Android.csproj", "{A4FB23C7-1F2A-49D4-A4A6-2765C057EF84}"
EndProject
Project("{FAE04EC0-301F-11D3-BF4B-00C04F79EFBC}") = "TemplatedResourceView.iOS", "TemplatedResourceView\TemplatedResourceView.iOS\TemplatedResourceView.iOS.csproj", "{896DBA13-9102-47D6-BB94-C787DE79D438}"
EndProject
Project("{FAE04EC0-301F-11D3-BF4B-00C04F79EFBC}") = "TemplatedResourceView.UWP", "TemplatedResourceView\TemplatedResourceView.UWP\TemplatedResourceView.UWP.csproj", "{34F9058F-11B0-403B-8B44-C735BF649590}"
EndProject
Project("{FAE04EC0-301F-11D3-BF4B-00C04F79EFBC}") = "TemplatedResourceView", "TemplatedResourceView\TemplatedResourceView\TemplatedResourceView.csproj", "{10D2F728-A1B5-4869-B35D-048E848D413B}"
EndProject
Global
	GlobalSection(SolutionConfigurationPlatforms) = preSolution
		Ad-Hoc|Any CPU = Ad-Hoc|Any CPU
		Ad-Hoc|ARM = Ad-Hoc|ARM
		Ad-Hoc|iPhone = Ad-Hoc|iPhone
		Ad-Hoc|iPhoneSimulator = Ad-Hoc|iPhoneSimulator
		Ad-Hoc|x64 = Ad-Hoc|x64
		Ad-Hoc|x86 = Ad-Hoc|x86
		AppStore|Any CPU = AppStore|Any CPU
		AppStore|ARM = AppStore|ARM
		AppStore|iPhone = AppStore|iPhone
		AppStore|iPhoneSimulator = AppStore|iPhoneSimulator
		AppStore|x64 = AppStore|x64
		AppStore|x86 = AppStore|x86
		Debug|Any CPU = Debug|Any CPU
		Debug|ARM = Debug|ARM
		Debug|iPhone = Debug|iPhone
		Debug|iPhoneSimulator = Debug|iPhoneSimulator
		Debug|x64 = Debug|x64
		Debug|x86 = Debug|x86
		Release|Any CPU = Release|Any CPU
		Release|ARM = Release|ARM
		Release|iPhone = Release|iPhone
		Release|iPhoneSimulator = Release|iPhoneSimulator
		Release|x64 = Release|x64
		Release|x86 = Release|x86
	EndGlobalSection
	GlobalSection(ProjectConfigurationPlatforms) = postSolution
		{A4FB23C7-1F2A-49D4-A4A6-2765C057EF84}.Ad-Hoc|Any CPU.ActiveCfg = Release|Any CPU
		{A4FB23C7-1F2A-49D4-A4A6-2765C057EF84}.Ad-Hoc|Any CPU.Build.0 = Release|Any CPU
		{A4FB23C7-1F2A-49D4-A4A6-2765C057EF84}.Ad-Hoc|Any CPU.Deploy.0 = Release|Any CPU
		{A4FB23C7-1F2A-49D4-A4A6-2765C057EF84}.Ad-Hoc|ARM.ActiveCfg = Release|Any CPU
		{A4FB23C7-1F2A-49D4-A4A6-2765C057EF84}.Ad-Hoc|ARM.Build.0 = Release|Any CPU
		{A4FB23C7-1F2A-49D4-A4A6-2765C057EF84}.Ad-Hoc|ARM.Deploy.0 = Release|Any CPU
		{A4FB23C7-1F2A-49D4-A4A6-2765C057EF84}.Ad-Hoc|iPhone.ActiveCfg = Release|Any CPU
		{A4FB23C7-1F2A-49D4-A4A6-2765C057EF84}.Ad-Hoc|iPhone.Build.0 = Release|Any CPU
		{A4FB23C7-1F2A-49D4-A4A6-2765C057EF84}.Ad-Hoc|iPhone.Deploy.0 = Release|Any CPU
		{A4FB23C7-1F2A-49D4-A4A6-2765C057EF84}.Ad-Hoc|iPhoneSimulator.ActiveCfg = Release|Any CPU
		{A4FB23C7-1F2A-49D4-A4A6-2765C057EF84}.Ad-Hoc|iPhoneSimulator.Build.0 = Release|Any CPU
		{A4FB23C7-1F2A-49D4-A4A6-2765C057EF84}.Ad-Hoc|iPhoneSimulator.Deploy.0 = Release|Any CPU
		{A4FB23C7-1F2A-49D4-A4A6-2765C057EF84}.Ad-Hoc|x64.ActiveCfg = Release|Any CPU
		{A4FB23C7-1F2A-49D4-A4A6-2765C057EF84}.Ad-Hoc|x64.Build.0 = Release|Any CPU
		{A4FB23C7-1F2A-49D4-A4A6-2765C057EF84}.Ad-Hoc|x64.Deploy.0 = Release|Any CPU
		{A4FB23C7-1F2A-49D4-A4A6-2765C057EF84}.Ad-Hoc|x86.ActiveCfg = Release|Any CPU
		{A4FB23C7-1F2A-49D4-A4A6-2765C057EF84}.Ad-Hoc|x86.Build.0 = Release|Any CPU
		{A4FB23C7-1F2A-49D4-A4A6-2765C057EF84}.Ad-Hoc|x86.Deploy.0 = Release|Any CPU
		{A4FB23C7-1F2A-49D4-A4A6-2765C057EF84}.AppStore|Any CPU.ActiveCfg = Release|Any CPU
		{A4FB23C7-1F2A-49D4-A4A6-2765C057EF84}.AppStore|Any CPU.Build.0 = Release|Any CPU
		{A4FB23C7-1F2A-49D4-A4A6-2765C057EF84}.AppStore|Any CPU.Deploy.0 = Release|Any CPU
		{A4FB23C7-1F2A-49D4-A4A6-2765C057EF84}.AppStore|ARM.ActiveCfg = Release|Any CPU
		{A4FB23C7-1F2A-49D4-A4A6-2765C057EF84}.AppStore|ARM.Build.0 = Release|Any CPU
		{A4FB23C7-1F2A-49D4-A4A6-2765C057EF84}.AppStore|ARM.Deploy.0 = Release|Any CPU
		{A4FB23C7-1F2A-49D4-A4A6-2765C057EF84}.AppStore|iPhone.ActiveCfg = Release|Any CPU
		{A4FB23C7-1F2A-49D4-A4A6-2765C057EF84}.AppStore|iPhone.Build.0 = Release|Any CPU
		{A4FB23C7-1F2A-49D4-A4A6-2765C057EF84}.AppStore|iPhone.Deploy.0 = Release|Any CPU
		{A4FB23C7-1F2A-49D4-A4A6-2765C057EF84}.AppStore|iPhoneSimulator.ActiveCfg = Release|Any CPU
		{A4FB23C7-1F2A-49D4-A4A6-2765C057EF84}.AppStore|iPhoneSimulator.Build.0 = Release|Any CPU
		{A4FB23C7-1F2A-49D4-A4A6-2765C057EF84}.AppStore|iPhoneSimulator.Deploy.0 = Release|Any CPU
		{A4FB23C7-1F2A-49D4-A4A6-2765C057EF84}.AppStore|x64.ActiveCfg = Release|Any CPU
		{A4FB23C7-1F2A-49D4-A4A6-2765C057EF84}.AppStore|x64.Build.0 = Release|Any CPU
		{A4FB23C7-1F2A-49D4-A4A6-2765C057EF84}.AppStore|x64.Deploy.0 = Release|Any CPU
		{A4FB23C7-1F2A-49D4-A4A6-2765C057EF84}.AppStore|x86.ActiveCfg = Release|Any CPU
		{A4FB23C7-1F2A-49D4-A4A6-2765C057EF84}.AppStore|x86.Build.0 = Release|Any CPU
		{A4FB23C7-1F2A-49D4-A4A6-2765C057EF84}.AppStore|x86.Deploy.0 = Release|Any CPU
		{A4FB23C7-1F2A-49D4-A4A6-2765C057EF84}.Debug|Any CPU.ActiveCfg = Debug|Any CPU
		{A4FB23C7-1F2A-49D4-A4A6-2765C057EF84}.Debug|Any CPU.Build.0 = Debug|Any CPU
		{A4FB23C7-1F2A-49D4-A4A6-2765C057EF84}.Debug|Any CPU.Deploy.0 = Debug|Any CPU
		{A4FB23C7-1F2A-49D4-A4A6-2765C057EF84}.Debug|ARM.ActiveCfg = Debug|Any CPU
		{A4FB23C7-1F2A-49D4-A4A6-2765C057EF84}.Debug|ARM.Build.0 = Debug|Any CPU
		{A4FB23C7-1F2A-49D4-A4A6-2765C057EF84}.Debug|ARM.Deploy.0 = Debug|Any CPU
		{A4FB23C7-1F2A-49D4-A4A6-2765C057EF84}.Debug|iPhone.ActiveCfg = Debug|Any CPU
		{A4FB23C7-1F2A-49D4-A4A6-2765C057EF84}.Debug|iPhone.Build.0 = Debug|Any CPU
		{A4FB23C7-1F2A-49D4-A4A6-2765C057EF84}.Debug|iPhone.Deploy.0 = Debug|Any CPU
		{A4FB23C7-1F2A-49D4-A4A6-2765C057EF84}.Debug|iPhoneSimulator.ActiveCfg = Debug|Any CPU
		{A4FB23C7-1F2A-49D4-A4A6-2765C057EF84}.Debug|iPhoneSimulator.Build.0 = Debug|Any CPU
		{A4FB23C7-1F2A-49D4-A4A6-2765C057EF84}.Debug|iPhoneSimulator.Deploy.0 = Debug|Any CPU
		{A4FB23C7-1F2A-49D4-A4A6-2765C057EF84}.Debug|x64.ActiveCfg = Debug|Any CPU
		{A4FB23C7-1F2A-49D4-A4A6-2765C057EF84}.Debug|x64.Build.0 = Debug|Any CPU
		{A4FB23C7-1F2A-49D4-A4A6-2765C057EF84}.Debug|x64.Deploy.0 = Debug|Any CPU
		{A4FB23C7-1F2A-49D4-A4A6-2765C057EF84}.Debug|x86.ActiveCfg = Debug|Any CPU
		{A4FB23C7-1F2A-49D4-A4A6-2765C057EF84}.Debug|x86.Build.0 = Debug|Any CPU
		{A4FB23C7-1F2A-49D4-A4A6-2765C057EF84}.Debug|x86.Deploy.0 = Debug|Any CPU
		{A4FB23C7-1F2A-49D4-A4A6-2765C057EF84}.Release|Any CPU.ActiveCfg = Release|Any CPU
		{A4FB23C7-1F2A-49D4-A4A6-2765C057EF84}.Release|Any CPU.Build.0 = Release|Any CPU
		{A4FB23C7-1F2A-49D4-A4A6-2765C057EF84}.Release|Any CPU.Deploy.0 = Release|Any CPU
		{A4FB23C7-1F2A-49D4-A4A6-2765C057EF84}.Release|ARM.ActiveCfg = Release|Any CPU
		{A4FB23C7-1F2A-49D4-A4A6-2765C057EF84}.Release|ARM.Build.0 = Release|Any CPU
		{A4FB23C7-1F2A-49D4-A4A6-2765C057EF84}.Release|ARM.Deploy.0 = Release|Any CPU
		{A4FB23C7-1F2A-49D4-A4A6-2765C057EF84}.Release|iPhone.ActiveCfg = Release|Any CPU
		{A4FB23C7-1F2A-49D4-A4A6-2765C057EF84}.Release|iPhone.Build.0 = Release|Any CPU
		{A4FB23C7-1F2A-49D4-A4A6-2765C057EF84}.Release|iPhone.Deploy.0 = Release|Any CPU
		{A4FB23C7-1F2A-49D4-A4A6-2765C057EF84}.Release|iPhoneSimulator.ActiveCfg = Release|Any CPU
		{A4FB23C7-1F2A-49D4-A4A6-2765C057EF84}.Release|iPhoneSimulator.Build.0 = Release|Any CPU
		{A4FB23C7-1F2A-49D4-A4A6-2765C057EF84}.Release|iPhoneSimulator.Deploy.0 = Release|Any CPU
		{A4FB23C7-1F2A-49D4-A4A6-2765C057EF84}.Release|x64.ActiveCfg = Release|Any CPU
		{A4FB23C7-1F2A-49D4-A4A6-2765C057EF84}.Release|x64.Build.0 = Release|Any CPU
		{A4FB23C7-1F2A-49D4-A4A6-2765C057EF84}.Release|x64.Deploy.0 = Release|Any CPU
		{A4FB23C7-1F2A-49D4-A4A6-2765C057EF84}.Release|x86.ActiveCfg = Release|Any CPU
		{A4FB23C7-1F2A-49D4-A4A6-2765C057EF84}.Release|x86.Build.0 = Release|Any CPU
		{A4FB23C7-1F2A-49D4-A4A6-2765C057EF84}.Release|x86.Deploy.0 = Release|Any CPU
		{896DBA13-9102-47D6-BB94-C787DE79D438}.Ad-Hoc|Any CPU.ActiveCfg = Ad-Hoc|iPhone
		{896DBA13-9102-47D6-BB94-C787DE79D438}.Ad-Hoc|Any CPU.Build.0 = Ad-Hoc|iPhone
		{896DBA13-9102-47D6-BB94-C787DE79D438}.Ad-Hoc|Any CPU.Deploy.0 = Ad-Hoc|iPhone
		{896DBA13-9102-47D6-BB94-C787DE79D438}.Ad-Hoc|ARM.ActiveCfg = Ad-Hoc|iPhone
		{896DBA13-9102-47D6-BB94-C787DE79D438}.Ad-Hoc|ARM.Build.0 = Ad-Hoc|iPhone
		{896DBA13-9102-47D6-BB94-C787DE79D438}.Ad-Hoc|ARM.Deploy.0 = Ad-Hoc|iPhone
		{896DBA13-9102-47D6-BB94-C787DE79D438}.Ad-Hoc|iPhone.ActiveCfg = Ad-Hoc|iPhone
		{896DBA13-9102-47D6-BB94-C787DE79D438}.Ad-Hoc|iPhone.Build.0 = Ad-Hoc|iPhone
		{896DBA13-9102-47D6-BB94-C787DE79D438}.Ad-Hoc|iPhone.Deploy.0 = Ad-Hoc|iPhone
		{896DBA13-9102-47D6-BB94-C787DE79D438}.Ad-Hoc|iPhoneSimulator.ActiveCfg = Ad-Hoc|iPhoneSimulator
		{896DBA13-9102-47D6-BB94-C787DE79D438}.Ad-Hoc|iPhoneSimulator.Build.0 = Ad-Hoc|iPhoneSimulator
		{896DBA13-9102-47D6-BB94-C787DE79D438}.Ad-Hoc|iPhoneSimulator.Deploy.0 = Ad-Hoc|iPhoneSimulator
		{896DBA13-9102-47D6-BB94-C787DE79D438}.Ad-Hoc|x64.ActiveCfg = Ad-Hoc|iPhone
		{896DBA13-9102-47D6-BB94-C787DE79D438}.Ad-Hoc|x64.Build.0 = Ad-Hoc|iPhone
		{896DBA13-9102-47D6-BB94-C787DE79D438}.Ad-Hoc|x64.Deploy.0 = Ad-Hoc|iPhone
		{896DBA13-9102-47D6-BB94-C787DE79D438}.Ad-Hoc|x86.ActiveCfg = Ad-Hoc|iPhone
		{896DBA13-9102-47D6-BB94-C787DE79D438}.Ad-Hoc|x86.Build.0 = Ad-Hoc|iPhone
		{896DBA13-9102-47D6-BB94-C787DE79D438}.Ad-Hoc|x86.Deploy.0 = Ad-Hoc|iPhone
		{896DBA13-9102-47D6-BB94-C787DE79D438}.AppStore|Any CPU.ActiveCfg = AppStore|iPhone
		{896DBA13-9102-47D6-BB94-C787DE79D438}.AppStore|Any CPU.Build.0 = AppStore|iPhone
		{896DBA13-9102-47D6-BB94-C787DE79D438}.AppStore|Any CPU.Deploy.0 = AppStore|iPhone
		{896DBA13-9102-47D6-BB94-C787DE79D438}.AppStore|ARM.ActiveCfg = AppStore|iPhone
		{896DBA13-9102-47D6-BB94-C787DE79D438}.AppStore|ARM.Build.0 = AppStore|iPhone
		{896DBA13-9102-47D6-BB94-C787DE79D438}.AppStore|ARM.Deploy.0 = AppStore|iPhone
		{896DBA13-9102-47D6-BB94-C787DE79D438}.AppStore|iPhone.ActiveCfg = AppStore|iPhone
		{896DBA13-9102-47D6-BB94-C787DE79D438}.AppStore|iPhone.Build.0 = AppStore|iPhone
		{896DBA13-9102-47D6-BB94-C787DE79D438}.AppStore|iPhone.Deploy.0 = AppStore|iPhone
		{896DBA13-9102-47D6-BB94-C787DE79D438}.AppStore|iPhoneSimulator.ActiveCfg = AppStore|iPhoneSimulator
		{896DBA13-9102-47D6-BB94-C787DE79D438}.AppStore|iPhoneSimulator.Build.0 = AppStore|iPhoneSimulator
		{896DBA13-9102-47D6-BB94-C787DE79D438}.AppStore|iPhoneSimulator.Deploy.0 = AppStore|iPhoneSimulator
		{896DBA13-9102-47D6-BB94-C787DE79D438}.AppStore|x64.ActiveCfg = AppStore|iPhone
		{896DBA13-9102-47D6-BB94-C787DE79D438}.AppStore|x64.Build.0 = AppStore|iPhone
		{896DBA13-9102-47D6-BB94-C787DE79D438}.AppStore|x64.Deploy.0 = AppStore|iPhone
		{896DBA13-9102-47D6-BB94-C787DE79D438}.AppStore|x86.ActiveCfg = AppStore|iPhone
		{896DBA13-9102-47D6-BB94-C787DE79D438}.AppStore|x86.Build.0 = AppStore|iPhone
		{896DBA13-9102-47D6-BB94-C787DE79D438}.AppStore|x86.Deploy.0 = AppStore|iPhone
		{896DBA13-9102-47D6-BB94-C787DE79D438}.Debug|Any CPU.ActiveCfg = Debug|iPhoneSimulator
		{896DBA13-9102-47D6-BB94-C787DE79D438}.Debug|Any CPU.Build.0 = Debug|iPhoneSimulator
		{896DBA13-9102-47D6-BB94-C787DE79D438}.Debug|Any CPU.Deploy.0 = Debug|iPhoneSimulator
		{896DBA13-9102-47D6-BB94-C787DE79D438}.Debug|ARM.ActiveCfg = Debug|iPhone
		{896DBA13-9102-47D6-BB94-C787DE79D438}.Debug|ARM.Build.0 = Debug|iPhone
		{896DBA13-9102-47D6-BB94-C787DE79D438}.Debug|ARM.Deploy.0 = Debug|iPhone
		{896DBA13-9102-47D6-BB94-C787DE79D438}.Debug|iPhone.ActiveCfg = Debug|iPhone
		{896DBA13-9102-47D6-BB94-C787DE79D438}.Debug|iPhone.Build.0 = Debug|iPhone
		{896DBA13-9102-47D6-BB94-C787DE79D438}.Debug|iPhone.Deploy.0 = Debug|iPhone
		{896DBA13-9102-47D6-BB94-C787DE79D438}.Debug|iPhoneSimulator.ActiveCfg = Debug|iPhoneSimulator
		{896DBA13-9102-47D6-BB94-C787DE79D438}.Debug|iPhoneSimulator.Build.0 = Debug|iPhoneSimulator
		{896DBA13-9102-47D6-BB94-C787DE79D438}.Debug|iPhoneSimulator.Deploy.0 = Debug|iPhoneSimulator
		{896DBA13-9102-47D6-BB94-C787DE79D438}.Debug|x64.ActiveCfg = Debug|iPhone
		{896DBA13-9102-47D6-BB94-C787DE79D438}.Debug|x64.Build.0 = Debug|iPhone
		{896DBA13-9102-47D6-BB94-C787DE79D438}.Debug|x64.Deploy.0 = Debug|iPhone
		{896DBA13-9102-47D6-BB94-C787DE79D438}.Debug|x86.ActiveCfg = Debug|iPhone
		{896DBA13-9102-47D6-BB94-C787DE79D438}.Debug|x86.Build.0 = Debug|iPhone
		{896DBA13-9102-47D6-BB94-C787DE79D438}.Debug|x86.Deploy.0 = Debug|iPhone
		{896DBA13-9102-47D6-BB94-C787DE79D438}.Release|Any CPU.ActiveCfg = Release|iPhone
		{896DBA13-9102-47D6-BB94-C787DE79D438}.Release|Any CPU.Build.0 = Release|iPhone
		{896DBA13-9102-47D6-BB94-C787DE79D438}.Release|Any CPU.Deploy.0 = Release|iPhone
		{896DBA13-9102-47D6-BB94-C787DE79D438}.Release|ARM.ActiveCfg = Release|iPhone
		{896DBA13-9102-47D6-BB94-C787DE79D438}.Release|ARM.Build.0 = Release|iPhone
		{896DBA13-9102-47D6-BB94-C787DE79D438}.Release|ARM.Deploy.0 = Release|iPhone
		{896DBA13-9102-47D6-BB94-C787DE79D438}.Release|iPhone.ActiveCfg = Release|iPhone
		{896DBA13-9102-47D6-BB94-C787DE79D438}.Release|iPhone.Build.0 = Release|iPhone
		{896DBA13-9102-47D6-BB94-C787DE79D438}.Release|iPhone.Deploy.0 = Release|iPhone
		{896DBA13-9102-47D6-BB94-C787DE79D438}.Release|iPhoneSimulator.ActiveCfg = Release|iPhoneSimulator
		{896DBA13-9102-47D6-BB94-C787DE79D438}.Release|iPhoneSimulator.Build.0 = Release|iPhoneSimulator
		{896DBA13-9102-47D6-BB94-C787DE79D438}.Release|iPhoneSimulator.Deploy.0 = Release|iPhoneSimulator
		{896DBA13-9102-47D6-BB94-C787DE79D438}.Release|x64.ActiveCfg = Release|iPhone
		{896DBA13-9102-47D6-BB94-C787DE79D438}.Release|x64.Build.0 = Release|iPhone
		{896DBA13-9102-47D6-BB94-C787DE79D438}.Release|x64.Deploy.0 = Release|iPhone
		{896DBA13-9102-47D6-BB94-C787DE79D438}.Release|x86.ActiveCfg = Release|iPhone
		{896DBA13-9102-47D6-BB94-C787DE79D438}.Release|x86.Build.0 = Release|iPhone
		{896DBA13-9102-47D6-BB94-C787DE79D438}.Release|x86.Deploy.0 = Release|iPhone
		{34F9058F-11B0-403B-8B44-C735BF649590}.Ad-Hoc|Any CPU.ActiveCfg = Release|x86
		{34F9058F-11B0-403B-8B44-C735BF649590}.Ad-Hoc|Any CPU.Build.0 = Release|x86
		{34F9058F-11B0-403B-8B44-C735BF649590}.Ad-Hoc|Any CPU.Deploy.0 = Release|x86
		{34F9058F-11B0-403B-8B44-C735BF649590}.Ad-Hoc|ARM.ActiveCfg = Release|ARM
		{34F9058F-11B0-403B-8B44-C735BF649590}.Ad-Hoc|ARM.Build.0 = Release|ARM
		{34F9058F-11B0-403B-8B44-C735BF649590}.Ad-Hoc|ARM.Deploy.0 = Release|ARM
		{34F9058F-11B0-403B-8B44-C735BF649590}.Ad-Hoc|iPhone.ActiveCfg = Release|x86
		{34F9058F-11B0-403B-8B44-C735BF649590}.Ad-Hoc|iPhone.Build.0 = Release|x86
		{34F9058F-11B0-403B-8B44-C735BF649590}.Ad-Hoc|iPhone.Deploy.0 = Release|x86
		{34F9058F-11B0-403B-8B44-C735BF649590}.Ad-Hoc|iPhoneSimulator.ActiveCfg = Release|x86
		{34F9058F-11B0-403B-8B44-C735BF649590}.Ad-Hoc|iPhoneSimulator.Build.0 = Release|x86
		{34F9058F-11B0-403B-8B44-C735BF649590}.Ad-Hoc|iPhoneSimulator.Deploy.0 = Release|x86
		{34F9058F-11B0-403B-8B44-C735BF649590}.Ad-Hoc|x64.ActiveCfg = Release|x64
		{34F9058F-11B0-403B-8B44-C735BF649590}.Ad-Hoc|x64.Build.0 = Release|x64
		{34F9058F-11B0-403B-8B44-C735BF649590}.Ad-Hoc|x64.Deploy.0 = Release|x64
		{34F9058F-11B0-403B-8B44-C735BF649590}.Ad-Hoc|x86.ActiveCfg = Release|x86
		{34F9058F-11B0-403B-8B44-C735BF649590}.Ad-Hoc|x86.Build.0 = Release|x86
		{34F9058F-11B0-403B-8B44-C735BF649590}.Ad-Hoc|x86.Deploy.0 = Release|x86
		{34F9058F-11B0-403B-8B44-C735BF649590}.AppStore|Any CPU.ActiveCfg = Release|x86
		{34F9058F-11B0-403B-8B44-C735BF649590}.AppStore|Any CPU.Build.0 = Release|x86
		{34F9058F-11B0-403B-8B44-C735BF649590}.AppStore|Any CPU.Deploy.0 = Release|x86
		{34F9058F-11B0-403B-8B44-C735BF649590}.AppStore|ARM.ActiveCfg = Release|ARM
		{34F9058F-11B0-403B-8B44-C735BF649590}.AppStore|ARM.Build.0 = Release|ARM
		{34F9058F-11B0-403B-8B44-C735BF649590}.AppStore|ARM.Deploy.0 = Release|ARM
		{34F9058F-11B0-403B-8B44-C735BF649590}.AppStore|iPhone.ActiveCfg = Release|x86
		{34F9058F-11B0-403B-8B44-C735BF649590}.AppStore|iPhone.Build.0 = Release|x86
		{34F9058F-11B0-403B-8B44-C735BF649590}.AppStore|iPhone.Deploy.0 = Release|x86
		{34F9058F-11B0-403B-8B44-C735BF649590}.AppStore|iPhoneSimulator.ActiveCfg = Release|x86
		{34F9058F-11B0-403B-8B44-C735BF649590}.AppStore|iPhoneSimulator.Build.0 = Release|x86
		{34F9058F-11B0-403B-8B44-C735BF649590}.AppStore|iPhoneSimulator.Deploy.0 = Release|x86
		{34F9058F-11B0-403B-8B44-C735BF649590}.AppStore|x64.ActiveCfg = Release|x64
		{34F9058F-11B0-403B-8B44-C735BF649590}.AppStore|x64.Build.0 = Release|x64
		{34F9058F-11B0-403B-8B44-C735BF649590}.AppStore|x64.Deploy.0 = Release|x64
		{34F9058F-11B0-403B-8B44-C735BF649590}.AppStore|x86.ActiveCfg = Release|x86
		{34F9058F-11B0-403B-8B44-C735BF649590}.AppStore|x86.Build.0 = Release|x86
		{34F9058F-11B0-403B-8B44-C735BF649590}.AppStore|x86.Deploy.0 = Release|x86
		{34F9058F-11B0-403B-8B44-C735BF649590}.Debug|Any CPU.ActiveCfg = Debug|x86
		{34F9058F-11B0-403B-8B44-C735BF649590}.Debug|Any CPU.Build.0 = Debug|x86
		{34F9058F-11B0-403B-8B44-C735BF649590}.Debug|Any CPU.Deploy.0 = Debug|x86
		{34F9058F-11B0-403B-8B44-C735BF649590}.Debug|ARM.ActiveCfg = Debug|ARM
		{34F9058F-11B0-403B-8B44-C735BF649590}.Debug|ARM.Build.0 = Debug|ARM
		{34F9058F-11B0-403B-8B44-C735BF649590}.Debug|ARM.Deploy.0 = Debug|ARM
		{34F9058F-11B0-403B-8B44-C735BF649590}.Debug|iPhone.ActiveCfg = Debug|x86
		{34F9058F-11B0-403B-8B44-C735BF649590}.Debug|iPhone.Build.0 = Debug|x86
		{34F9058F-11B0-403B-8B44-C735BF649590}.Debug|iPhone.Deploy.0 = Debug|x86
		{34F9058F-11B0-403B-8B44-C735BF649590}.Debug|iPhoneSimulator.ActiveCfg = Debug|x86
		{34F9058F-11B0-403B-8B44-C735BF649590}.Debug|iPhoneSimulator.Build.0 = Debug|x86
		{34F9058F-11B0-403B-8B44-C735BF649590}.Debug|iPhoneSimulator.Deploy.0 = Debug|x86
		{34F9058F-11B0-403B-8B44-C735BF649590}.Debug|x64.ActiveCfg = Debug|x64
		{34F9058F-11B0-403B-8B44-C735BF649590}.Debug|x64.Build.0 = Debug|x64
		{34F9058F-11B0-403B-8B44-C735BF649590}.Debug|x64.Deploy.0 = Debug|x64
		{34F9058F-11B0-403B-8B44-C735BF649590}.Debug|x86.ActiveCfg = Debug|x86
		{34F9058F-11B0-403B-8B44-C735BF649590}.Debug|x86.Build.0 = Debug|x86
		{34F9058F-11B0-403B-8B44-C735BF649590}.Debug|x86.Deploy.0 = Debug|x86
		{34F9058F-11B0-403B-8B44-C735BF649590}.Release|Any CPU.ActiveCfg = Release|x86
		{34F9058F-11B0-403B-8B44-C735BF649590}.Release|Any CPU.Build.0 = Release|x86
		{34F9058F-11B0-403B-8B44-C735BF649590}.Release|Any CPU.Deploy.0 = Release|x86
		{34F9058F-11B0-403B-8B44-C735BF649590}.Release|ARM.ActiveCfg = Release|ARM
		{34F9058F-11B0-403B-8B44-C735BF649590}.Release|ARM.Build.0 = Release|ARM
		{34F9058F-11B0-403B-8B44-C735BF649590}.Release|ARM.Deploy.0 = Release|ARM
		{34F9058F-11B0-403B-8B44-C735BF649590}.Release|iPhone.ActiveCfg = Release|x86
		{34F9058F-11B0-403B-8B44-C735BF649590}.Release|iPhone.Build.0 = Release|x86
		{34F9058F-11B0-403B-8B44-C735BF649590}.Release|iPhone.Deploy.0 = Release|x86
		{34F9058F-11B0-403B-8B44-C735BF649590}.Release|iPhoneSimulator.ActiveCfg = Release|x86
		{34F9058F-11B0-403B-8B44-C735BF649590}.Release|iPhoneSimulator.Build.0 = Release|x86
		{34F9058F-11B0-403B-8B44-C735BF649590}.Release|iPhoneSimulator.Deploy.0 = Release|x86
		{34F9058F-11B0-403B-8B44-C735BF649590}.Release|x64.ActiveCfg = Release|x64
		{34F9058F-11B0-403B-8B44-C735BF649590}.Release|x64.Build.0 = Release|x64
		{34F9058F-11B0-403B-8B44-C735BF649590}.Release|x64.Deploy.0 = Release|x64
		{34F9058F-11B0-403B-8B44-C735BF649590}.Release|x86.ActiveCfg = Release|x86
		{34F9058F-11B0-403B-8B44-C735BF649590}.Release|x86.Build.0 = Release|x86
		{34F9058F-11B0-403B-8B44-C735BF649590}.Release|x86.Deploy.0 = Release|x86
		{10D2F728-A1B5-4869-B35D-048E848D413B}.Ad-Hoc|Any CPU.ActiveCfg = Debug|Any CPU
		{10D2F728-A1B5-4869-B35D-048E848D413B}.Ad-Hoc|Any CPU.Build.0 = Debug|Any CPU
		{10D2F728-A1B5-4869-B35D-048E848D413B}.Ad-Hoc|Any CPU.Deploy.0 = Debug|Any CPU
		{10D2F728-A1B5-4869-B35D-048E848D413B}.Ad-Hoc|ARM.ActiveCfg = Debug|Any CPU
		{10D2F728-A1B5-4869-B35D-048E848D413B}.Ad-Hoc|ARM.Build.0 = Debug|Any CPU
		{10D2F728-A1B5-4869-B35D-048E848D413B}.Ad-Hoc|ARM.Deploy.0 = Debug|Any CPU
		{10D2F728-A1B5-4869-B35D-048E848D413B}.Ad-Hoc|iPhone.ActiveCfg = Debug|Any CPU
		{10D2F728-A1B5-4869-B35D-048E848D413B}.Ad-Hoc|iPhone.Build.0 = Debug|Any CPU
		{10D2F728-A1B5-4869-B35D-048E848D413B}.Ad-Hoc|iPhone.Deploy.0 = Debug|Any CPU
		{10D2F728-A1B5-4869-B35D-048E848D413B}.Ad-Hoc|iPhoneSimulator.ActiveCfg = Debug|Any CPU
		{10D2F728-A1B5-4869-B35D-048E848D413B}.Ad-Hoc|iPhoneSimulator.Build.0 = Debug|Any CPU
		{10D2F728-A1B5-4869-B35D-048E848D413B}.Ad-Hoc|iPhoneSimulator.Deploy.0 = Debug|Any CPU
		{10D2F728-A1B5-4869-B35D-048E848D413B}.Ad-Hoc|x64.ActiveCfg = Debug|Any CPU
		{10D2F728-A1B5-4869-B35D-048E848D413B}.Ad-Hoc|x64.Build.0 = Debug|Any CPU
		{10D2F728-A1B5-4869-B35D-048E848D413B}.Ad-Hoc|x64.Deploy.0 = Debug|Any CPU
		{10D2F728-A1B5-4869-B35D-048E848D413B}.Ad-Hoc|x86.ActiveCfg = Debug|Any CPU
		{10D2F728-A1B5-4869-B35D-048E848D413B}.Ad-Hoc|x86.Build.0 = Debug|Any CPU
		{10D2F728-A1B5-4869-B35D-048E848D413B}.Ad-Hoc|x86.Deploy.0 = Debug|Any CPU
		{10D2F728-A1B5-4869-B35D-048E848D413B}.AppStore|Any CPU.ActiveCfg = Debug|Any CPU
		{10D2F728-A1B5-4869-B35D-048E848D413B}.AppStore|Any CPU.Build.0 = Debug|Any CPU
		{10D2F728-A1B5-4869-B35D-048E848D413B}.AppStore|Any CPU.Deploy.0 = Debug|Any CPU
		{10D2F728-A1B5-4869-B35D-048E848D413B}.AppStore|ARM.ActiveCfg = Debug|Any CPU
		{10D2F728-A1B5-4869-B35D-048E848D413B}.AppStore|ARM.Build.0 = Debug|Any CPU
		{10D2F728-A1B5-4869-B35D-048E848D413B}.AppStore|ARM.Deploy.0 = Debug|Any CPU
		{10D2F728-A1B5-4869-B35D-048E848D413B}.AppStore|iPhone.ActiveCfg = Debug|Any CPU
		{10D2F728-A1B5-4869-B35D-048E848D413B}.AppStore|iPhone.Build.0 = Debug|Any CPU
		{10D2F728-A1B5-4869-B35D-048E848D413B}.AppStore|iPhone.Deploy.0 = Debug|Any CPU
		{10D2F728-A1B5-4869-B35D-048E848D413B}.AppStore|iPhoneSimulator.ActiveCfg = Debug|Any CPU
		{10D2F728-A1B5-4869-B35D-048E848D413B}.AppStore|iPhoneSimulator.Build.0 = Debug|Any CPU
		{10D2F728-A1B5-4869-B35D-048E848D413B}.AppStore|iPhoneSimulator.Deploy.0 = Debug|Any CPU
		{10D2F728-A1B5-4869-B35D-048E848D413B}.AppStore|x64.ActiveCfg = Debug|Any CPU
		{10D2F728-A1B5-4869-B35D-048E848D413B}.AppStore|x64.Build.0 = Debug|Any CPU
		{10D2F728-A1B5-4869-B35D-048E848D413B}.AppStore|x64.Deploy.0 = Debug|Any CPU
		{10D2F728-A1B5-4869-B35D-048E848D413B}.AppStore|x86.ActiveCfg = Debug|Any CPU
		{10D2F728-A1B5-4869-B35D-048E848D413B}.AppStore|x86.Build.0 = Debug|Any CPU
		{10D2F728-A1B5-4869-B35D-048E848D413B}.AppStore|x86.Deploy.0 = Debug|Any CPU
		{10D2F728-A1B5-4869-B35D-048E848D413B}.Debug|Any CPU.ActiveCfg = Debug|Any CPU
		{10D2F728-A1B5-4869-B35D-048E848D413B}.Debug|Any CPU.Build.0 = Debug|Any CPU
		{10D2F728-A1B5-4869-B35D-048E848D413B}.Debug|Any CPU.Deploy.0 = Debug|Any CPU
		{10D2F728-A1B5-4869-B35D-048E848D413B}.Debug|ARM.ActiveCfg = Debug|Any CPU
		{10D2F728-A1B5-4869-B35D-048E848D413B}.Debug|ARM.Build.0 = Debug|Any CPU
		{10D2F728-A1B5-4869-B35D-048E848D413B}.Debug|ARM.Deploy.0 = Debug|Any CPU
		{10D2F728-A1B5-4869-B35D-048E848D413B}.Debug|iPhone.ActiveCfg = Debug|Any CPU
		{10D2F728-A1B5-4869-B35D-048E848D413B}.Debug|iPhone.Build.0 = Debug|Any CPU
		{10D2F728-A1B5-4869-B35D-048E848D413B}.Debug|iPhone.Deploy.0 = Debug|Any CPU
		{10D2F728-A1B5-4869-B35D-048E848D413B}.Debug|iPhoneSimulator.ActiveCfg = Debug|Any CPU
		{10D2F728-A1B5-4869-B35D-048E848D413B}.Debug|iPhoneSimulator.Build.0 = Debug|Any CPU
		{10D2F728-A1B5-4869-B35D-048E848D413B}.Debug|iPhoneSimulator.Deploy.0 = Debug|Any CPU
		{10D2F728-A1B5-4869-B35D-048E848D413B}.Debug|x64.ActiveCfg = Debug|Any CPU
		{10D2F728-A1B5-4869-B35D-048E848D413B}.Debug|x64.Build.0 = Debug|Any CPU
		{10D2F728-A1B5-4869-B35D-048E848D413B}.Debug|x64.Deploy.0 = Debug|Any CPU
		{10D2F728-A1B5-4869-B35D-048E848D413B}.Debug|x86.ActiveCfg = Debug|Any CPU
		{10D2F728-A1B5-4869-B35D-048E848D413B}.Debug|x86.Build.0 = Debug|Any CPU
		{10D2F728-A1B5-4869-B35D-048E848D413B}.Debug|x86.Deploy.0 = Debug|Any CPU
		{10D2F728-A1B5-4869-B35D-048E848D413B}.Release|Any CPU.ActiveCfg = Release|Any CPU
		{10D2F728-A1B5-4869-B35D-048E848D413B}.Release|Any CPU.Build.0 = Release|Any CPU
		{10D2F728-A1B5-4869-B35D-048E848D413B}.Release|Any CPU.Deploy.0 = Release|Any CPU
		{10D2F728-A1B5-4869-B35D-048E848D413B}.Release|ARM.ActiveCfg = Release|Any CPU
		{10D2F728-A1B5-4869-B35D-048E848D413B}.Release|ARM.Build.0 = Release|Any CPU
		{10D2F728-A1B5-4869-B35D-048E848D413B}.Release|ARM.Deploy.0 = Release|Any CPU
		{10D2F728-A1B5-4869-B35D-048E848D413B}.Release|iPhone.ActiveCfg = Release|Any CPU
		{10D2F728-A1B5-4869-B35D-048E848D413B}.Release|iPhone.Build.0 = Release|Any CPU
		{10D2F728-A1B5-4869-B35D-048E848D413B}.Release|iPhone.Deploy.0 = Release|Any CPU
		{10D2F728-A1B5-4869-B35D-048E848D413B}.Release|iPhoneSimulator.ActiveCfg = Release|Any CPU
		{10D2F728-A1B5-4869-B35D-048E848D413B}.Release|iPhoneSimulator.Build.0 = Release|Any CPU
		{10D2F728-A1B5-4869-B35D-048E848D413B}.Release|iPhoneSimulator.Deploy.0 = Release|Any CPU
		{10D2F728-A1B5-4869-B35D-048E848D413B}.Release|x64.ActiveCfg = Release|Any CPU
		{10D2F728-A1B5-4869-B35D-048E848D413B}.Release|x64.Build.0 = Release|Any CPU
		{10D2F728-A1B5-4869-B35D-048E848D413B}.Release|x64.Deploy.0 = Release|Any CPU
		{10D2F728-A1B5-4869-B35D-048E848D413B}.Release|x86.ActiveCfg = Release|Any CPU
		{10D2F728-A1B5-4869-B35D-048E848D413B}.Release|x86.Build.0 = Release|Any CPU
		{10D2F728-A1B5-4869-B35D-048E848D413B}.Release|x86.Deploy.0 = Release|Any CPU
	EndGlobalSection
	GlobalSection(SolutionProperties) = preSolution
		HideSolutionNode = FALSE
	EndGlobalSection
	GlobalSection(ExtensibilityGlobals) = postSolution
		SolutionGuid = {46EA9599-D9FD-4CA1-819E-14DC173B3B6D}
	EndGlobalSection
EndGlobal
